github.com/billziss-gh/cgofuse v1.5.0 h1:kH516I/s+Ab4diL/Y/ayFeUjjA8ey+JK12xDfBf4HEs=
github.com/billziss-gh/cgofuse v1.5.0/go.mod h1:LJjoaUojlVjgo5GQoEJTcJNqZJeRU0nCR84CyxKt2YM=
github.com/billziss-gh/golib v0.1.0 h1:OGNQmU5tvoVCU0beo0/zhAZ8LC+K77tKopp1433vnLE=
github.com/billziss-gh/golib v0.1.0/go.mod h1:mZpUYANXZkDKSnyYbX9gfnyxwe0ddRhUtfXcsD5r8dw=
github.com/cli/browser v1.0.0 h1:RIleZgXrhdiCVgFBSjtWwkLPUCWyhhhN5k5HGSBt1js=
github.com/cli/browser v1.0.0/go.mod h1:IEWkHYbLjkhtjwwWlwTHW2lGxeS5gezEQBMLTwDHf5Q=
github.com/cli/oauth v0.8.0 h1:YTFgPXSTvvDUFti3tR4o6q7Oll2SnQ9ztLwCAn4/IOA=
github.com/cli/oauth v0.8.0/go.mod h1:qd/FX8ZBD6n1sVNQO3aIdRxeu5LGw9WhKnYhIIoC2A4=
github.com/cli/safeexec v1.0.0 h1:0VngyaIyqACHdcMNWfo6+KdUYnqEr2Sg+bSP1pdF+dI=
github.com/cli/safeexec v1.0.0/go.mod h1:Z/D4tTN8Vs5gXYHDCbaM1S/anmEDnJb1iW0+EJ5zx3Q=
